
Microsoft Visual Studio Solution File, Format Version 12.00
# Visual Studio 14
VisualStudioVersion = 14.0.23107.0
MinimumVisualStudioVersion = 10.0.40219.1
Project("{FAE04EC0-301F-11D3-BF4B-00C04F79EFBC}") = "EncodeLiveStreamWithAmsClear", "EncodeLiveStreamWithAmsClear\EncodeLiveStreamWithAmsClear.csproj", "{DF833B5D-5845-4FE1-9547-1430FE3B997D}"
EndProject
Global
	GlobalSection(SolutionConfigurationPlatforms) = preSolution
		Debug|Any CPU = Debug|Any CPU
		Release|Any CPU = Release|Any CPU
	EndGlobalSection
	GlobalSection(ProjectConfigurationPlatforms) = postSolution
		{DF833B5D-5845-4FE1-9547-1430FE3B997D}.Debug|Any CPU.ActiveCfg = Debug|Any CPU
		{DF833B5D-5845-4FE1-9547-1430FE3B997D}.Debug|Any CPU.Build.0 = Debug|Any CPU
		{DF833B5D-5845-4FE1-9547-1430FE3B997D}.Release|Any CPU.ActiveCfg = Release|Any CPU
		{DF833B5D-5845-4FE1-9547-1430FE3B997D}.Release|Any CPU.Build.0 = Release|Any CPU
	EndGlobalSection
	GlobalSection(SolutionProperties) = preSolution
		HideSolutionNode = FALSE
	EndGlobalSection
	GlobalSection(ExtensibilityGlobals) = postSolution
		EnterpriseLibraryConfigurationToolBinariesPath = packages\TransientFaultHandling.Core.5.1.1209.1\lib\NET4
	EndGlobalSection
EndGlobal
